// !$*UTF8*$!
{
	archiveVersion = 1;
	classes = {
	};
	objectVersion = 46;
	objects = {

/* Begin PBXBuildFile section */
		4537991519AA67FA004DF99E /* SwiftGraphics.framework in Frameworks */ = {isa = PBXBuildFile; fileRef = 4537990E19AA67DE004DF99E /* SwiftGraphics.framework */; };
		456E1A4919A94DA000BF7209 /* Arc.swift in Sources */ = {isa = PBXBuildFile; fileRef = 456E1A4819A94DA000BF7209 /* Arc.swift */; };
		45B4202A19A8F0E1002ACE7E /* main.swift in Sources */ = {isa = PBXBuildFile; fileRef = 45B4202919A8F0E1002ACE7E /* main.swift */; };
		45B4202C19A8F0E1002ACE7E /* ViewController.swift in Sources */ = {isa = PBXBuildFile; fileRef = 45B4202B19A8F0E1002ACE7E /* ViewController.swift */; };
		45B4202E19A8F0E1002ACE7E /* AppDelegate.swift in Sources */ = {isa = PBXBuildFile; fileRef = 45B4202D19A8F0E1002ACE7E /* AppDelegate.swift */; };
		45B4203019A8F0E1002ACE7E /* Images.xcassets in Resources */ = {isa = PBXBuildFile; fileRef = 45B4202F19A8F0E1002ACE7E /* Images.xcassets */; };
		45B4203319A8F0E1002ACE7E /* Main.storyboard in Resources */ = {isa = PBXBuildFile; fileRef = 45B4203119A8F0E1002ACE7E /* Main.storyboard */; };
		45B4203F19A8F0E2002ACE7E /* ArcTestTests.swift in Sources */ = {isa = PBXBuildFile; fileRef = 45B4203E19A8F0E2002ACE7E /* ArcTestTests.swift */; };
		45B4204919A8F0FE002ACE7E /* ArcView.swift in Sources */ = {isa = PBXBuildFile; fileRef = 45B4204819A8F0FE002ACE7E /* ArcView.swift */; };
/* End PBXBuildFile section */

/* Begin PBXContainerItemProxy section */
		4537990D19AA67DE004DF99E /* PBXContainerItemProxy */ = {
			isa = PBXContainerItemProxy;
			containerPortal = 4537990719AA67DD004DF99E /* SwiftGraphics.xcodeproj */;
			proxyType = 2;
			remoteGlobalIDString = 454D550719AA5CE6000E3EB3;
			remoteInfo = SwiftGraphics_OSX;
		};
		4537990F19AA67DE004DF99E /* PBXContainerItemProxy */ = {
			isa = PBXContainerItemProxy;
			containerPortal = 4537990719AA67DD004DF99E /* SwiftGraphics.xcodeproj */;
			proxyType = 2;
			remoteGlobalIDString = 45DA4AC419AA62A800133F32;
			remoteInfo = SwiftGraphics_iOS;
		};
		4537991119AA67DE004DF99E /* PBXContainerItemProxy */ = {
			isa = PBXContainerItemProxy;
			containerPortal = 4537990719AA67DD004DF99E /* SwiftGraphics.xcodeproj */;
			proxyType = 2;
			remoteGlobalIDString = 454D551219AA5CE6000E3EB3;
			remoteInfo = SwiftGraphicsTests;
		};
		4537991319AA67F3004DF99E /* PBXContainerItemProxy */ = {
			isa = PBXContainerItemProxy;
			containerPortal = 4537990719AA67DD004DF99E /* SwiftGraphics.xcodeproj */;
			proxyType = 1;
			remoteGlobalIDString = 454D550619AA5CE6000E3EB3;
			remoteInfo = SwiftGraphics_OSX;
		};
		45B4203919A8F0E1002ACE7E /* PBXContainerItemProxy */ = {
			isa = PBXContainerItemProxy;
			containerPortal = 45B4201C19A8F0E1002ACE7E /* Project object */;
			proxyType = 1;
			remoteGlobalIDString = 45B4202319A8F0E1002ACE7E;
			remoteInfo = ArcTest;
		};
/* End PBXContainerItemProxy section */

/* Begin PBXFileReference section */
		4537990719AA67DD004DF99E /* SwiftGraphics.xcodeproj */ = {isa = PBXFileReference; lastKnownFileType = "wrapper.pb-project"; name = SwiftGraphics.xcodeproj; path = ../../SwiftGraphics.xcodeproj; sourceTree = "<group>"; };
		456E1A4819A94DA000BF7209 /* Arc.swift */ = {isa = PBXFileReference; fileEncoding = 4; lastKnownFileType = sourcecode.swift; path = Arc.swift; sourceTree = "<group>"; };
		45B4202419A8F0E1002ACE7E /* ArcTest.app */ = {isa = PBXFileReference; explicitFileType = wrapper.application; includeInIndex = 0; path = ArcTest.app; sourceTree = BUILT_PRODUCTS_DIR; };
		45B4202819A8F0E1002ACE7E /* Info.plist */ = {isa = PBXFileReference; lastKnownFileType = text.plist.xml; path = Info.plist; sourceTree = "<group>"; };
		45B4202919A8F0E1002ACE7E /* main.swift */ = {isa = PBXFileReference; lastKnownFileType = sourcecode.swift; path = main.swift; sourceTree = "<group>"; };
		45B4202B19A8F0E1002ACE7E /* ViewController.swift */ = {isa = PBXFileReference; lastKnownFileType = sourcecode.swift; path = ViewController.swift; sourceTree = "<group>"; };
		45B4202D19A8F0E1002ACE7E /* AppDelegate.swift */ = {isa = PBXFileReference; lastKnownFileType = sourcecode.swift; path = AppDelegate.swift; sourceTree = "<group>"; };
		45B4202F19A8F0E1002ACE7E /* Images.xcassets */ = {isa = PBXFileReference; lastKnownFileType = folder.assetcatalog; path = Images.xcassets; sourceTree = "<group>"; };
		45B4203219A8F0E1002ACE7E /* Base */ = {isa = PBXFileReference; lastKnownFileType = file.storyboard; name = Base; path = Base.lproj/Main.storyboard; sourceTree = "<group>"; };
		45B4203819A8F0E1002ACE7E /* ArcTestTests.xctest */ = {isa = PBXFileReference; explicitFileType = wrapper.cfbundle; includeInIndex = 0; path = ArcTestTests.xctest; sourceTree = BUILT_PRODUCTS_DIR; };
		45B4203D19A8F0E2002ACE7E /* Info.plist */ = {isa = PBXFileReference; lastKnownFileType = text.plist.xml; path = Info.plist; sourceTree = "<group>"; };
		45B4203E19A8F0E2002ACE7E /* ArcTestTests.swift */ = {isa = PBXFileReference; lastKnownFileType = sourcecode.swift; path = ArcTestTests.swift; sourceTree = "<group>"; };
		45B4204819A8F0FE002ACE7E /* ArcView.swift */ = {isa = PBXFileReference; fileEncoding = 4; lastKnownFileType = sourcecode.swift; path = ArcView.swift; sourceTree = "<group>"; };
/* End PBXFileReference section */

/* Begin PBXFrameworksBuildPhase section */
		45B4202119A8F0E1002ACE7E /* Frameworks */ = {
			isa = PBXFrameworksBuildPhase;
			buildActionMask = 2147483647;
			files = (
				4537991519AA67FA004DF99E /* SwiftGraphics.framework in Frameworks */,
			);
			runOnlyForDeploymentPostprocessing = 0;
		};
		45B4203519A8F0E1002ACE7E /* Frameworks */ = {
			isa = PBXFrameworksBuildPhase;
			buildActionMask = 2147483647;
			files = (
			);
			runOnlyForDeploymentPostprocessing = 0;
		};
/* End PBXFrameworksBuildPhase section */

/* Begin PBXGroup section */
		4537990819AA67DD004DF99E /* Products */ = {
			isa = PBXGroup;
			children = (
				4537990E19AA67DE004DF99E /* SwiftGraphics.framework */,
				4537991019AA67DE004DF99E /* SwiftGraphics.framework */,
				4537991219AA67DE004DF99E /* SwiftGraphicsTests.xctest */,
			);
			name = Products;
			sourceTree = "<group>";
		};
		45B4201B19A8F0E1002ACE7E = {
			isa = PBXGroup;
			children = (
				45B4202619A8F0E1002ACE7E /* ArcTest */,
				45B4203B19A8F0E1002ACE7E /* ArcTestTests */,
				45B4202519A8F0E1002ACE7E /* Products */,
				4537990719AA67DD004DF99E /* SwiftGraphics.xcodeproj */,
			);
			sourceTree = "<group>";
		};
		45B4202519A8F0E1002ACE7E /* Products */ = {
			isa = PBXGroup;
			children = (
				45B4202419A8F0E1002ACE7E /* ArcTest.app */,
				45B4203819A8F0E1002ACE7E /* ArcTestTests.xctest */,
			);
			name = Products;
			sourceTree = "<group>";
		};
		45B4202619A8F0E1002ACE7E /* ArcTest */ = {
			isa = PBXGroup;
			children = (
				45B4202B19A8F0E1002ACE7E /* ViewController.swift */,
				45B4202D19A8F0E1002ACE7E /* AppDelegate.swift */,
				45B4204819A8F0FE002ACE7E /* ArcView.swift */,
				456E1A4819A94DA000BF7209 /* Arc.swift */,
				45B4202F19A8F0E1002ACE7E /* Images.xcassets */,
				45B4203119A8F0E1002ACE7E /* Main.storyboard */,
				45B4202719A8F0E1002ACE7E /* Supporting Files */,
			);
			path = ArcTest;
			sourceTree = "<group>";
		};
		45B4202719A8F0E1002ACE7E /* Supporting Files */ = {
			isa = PBXGroup;
			children = (
				45B4202819A8F0E1002ACE7E /* Info.plist */,
				45B4202919A8F0E1002ACE7E /* main.swift */,
			);
			name = "Supporting Files";
			sourceTree = "<group>";
		};
		45B4203B19A8F0E1002ACE7E /* ArcTestTests */ = {
			isa = PBXGroup;
			children = (
				45B4203E19A8F0E2002ACE7E /* ArcTestTests.swift */,
				45B4203C19A8F0E2002ACE7E /* Supporting Files */,
			);
			path = ArcTestTests;
			sourceTree = "<group>";
		};
		45B4203C19A8F0E2002ACE7E /* Supporting Files */ = {
			isa = PBXGroup;
			children = (
				45B4203D19A8F0E2002ACE7E /* Info.plist */,
			);
			name = "Supporting Files";
			sourceTree = "<group>";
		};
/* End PBXGroup section */

/* Begin PBXNativeTarget section */
		45B4202319A8F0E1002ACE7E /* ArcTest */ = {
			isa = PBXNativeTarget;
			buildConfigurationList = 45B4204219A8F0E2002ACE7E /* Build configuration list for PBXNativeTarget "ArcTest" */;
			buildPhases = (
				45B4202019A8F0E1002ACE7E /* Sources */,
				45B4202119A8F0E1002ACE7E /* Frameworks */,
				45B4202219A8F0E1002ACE7E /* Resources */,
			);
			buildRules = (
			);
			dependencies = (
				4537991419AA67F3004DF99E /* PBXTargetDependency */,
			);
			name = ArcTest;
			productName = ArcTest;
			productReference = 45B4202419A8F0E1002ACE7E /* ArcTest.app */;
			productType = "com.apple.product-type.application";
		};
		45B4203719A8F0E1002ACE7E /* ArcTestTests */ = {
			isa = PBXNativeTarget;
			buildConfigurationList = 45B4204519A8F0E2002ACE7E /* Build configuration list for PBXNativeTarget "ArcTestTests" */;
			buildPhases = (
				45B4203419A8F0E1002ACE7E /* Sources */,
				45B4203519A8F0E1002ACE7E /* Frameworks */,
				45B4203619A8F0E1002ACE7E /* Resources */,
			);
			buildRules = (
			);
			dependencies = (
				45B4203A19A8F0E1002ACE7E /* PBXTargetDependency */,
			);
			name = ArcTestTests;
			productName = ArcTestTests;
			productReference = 45B4203819A8F0E1002ACE7E /* ArcTestTests.xctest */;
			productType = "com.apple.product-type.bundle.unit-test";
		};
/* End PBXNativeTarget section */

/* Begin PBXProject section */
		45B4201C19A8F0E1002ACE7E /* Project object */ = {
			isa = PBXProject;
			attributes = {
				LastUpgradeCheck = 0600;
				ORGANIZATIONNAME = schwa.io;
				TargetAttributes = {
					45B4202319A8F0E1002ACE7E = {
						CreatedOnToolsVersion = 6.0;
					};
					45B4203719A8F0E1002ACE7E = {
						CreatedOnToolsVersion = 6.0;
						TestTargetID = 45B4202319A8F0E1002ACE7E;
					};
				};
			};
			buildConfigurationList = 45B4201F19A8F0E1002ACE7E /* Build configuration list for PBXProject "ArcTest" */;
			compatibilityVersion = "Xcode 3.2";
			developmentRegion = English;
			hasScannedForEncodings = 0;
			knownRegions = (
				en,
				Base,
			);
			mainGroup = 45B4201B19A8F0E1002ACE7E;
			productRefGroup = 45B4202519A8F0E1002ACE7E /* Products */;
			projectDirPath = "";
			projectReferences = (
				{
					ProductGroup = 4537990819AA67DD004DF99E /* Products */;
					ProjectRef = 4537990719AA67DD004DF99E /* SwiftGraphics.xcodeproj */;
				},
			);
			projectRoot = "";
			targets = (
				45B4202319A8F0E1002ACE7E /* ArcTest */,
				45B4203719A8F0E1002ACE7E /* ArcTestTests */,
			);
		};
/* End PBXProject section */

/* Begin PBXReferenceProxy section */
		4537990E19AA67DE004DF99E /* SwiftGraphics.framework */ = {
			isa = PBXReferenceProxy;
			fileType = wrapper.framework;
			path = SwiftGraphics.framework;
			remoteRef = 4537990D19AA67DE004DF99E /* PBXContainerItemProxy */;
			sourceTree = BUILT_PRODUCTS_DIR;
		};
		4537991019AA67DE004DF99E /* SwiftGraphics.framework */ = {
			isa = PBXReferenceProxy;
			fileType = wrapper.framework;
			path = SwiftGraphics.framework;
			remoteRef = 4537990F19AA67DE004DF99E /* PBXContainerItemProxy */;
			sourceTree = BUILT_PRODUCTS_DIR;
		};
		4537991219AA67DE004DF99E /* SwiftGraphicsTests.xctest */ = {
			isa = PBXReferenceProxy;
			fileType = wrapper.cfbundle;
			path = SwiftGraphicsTests.xctest;
			remoteRef = 4537991119AA67DE004DF99E /* PBXContainerItemProxy */;
			sourceTree = BUILT_PRODUCTS_DIR;
		};
/* End PBXReferenceProxy section */

/* Begin PBXResourcesBuildPhase section */
		45B4202219A8F0E1002ACE7E /* Resources */ = {
			isa = PBXResourcesBuildPhase;
			buildActionMask = 2147483647;
			files = (
				45B4203019A8F0E1002ACE7E /* Images.xcassets in Resources */,
				45B4203319A8F0E1002ACE7E /* Main.storyboard in Resources */,
			);
			runOnlyForDeploymentPostprocessing = 0;
		};
		45B4203619A8F0E1002ACE7E /* Resources */ = {
			isa = PBXResourcesBuildPhase;
			buildActionMask = 2147483647;
			files = (
			);
			runOnlyForDeploymentPostprocessing = 0;
		};
/* End PBXResourcesBuildPhase section */

/* Begin PBXSourcesBuildPhase section */
		45B4202019A8F0E1002ACE7E /* Sources */ = {
			isa = PBXSourcesBuildPhase;
			buildActionMask = 2147483647;
			files = (
				456E1A4919A94DA000BF7209 /* Arc.swift in Sources */,
				45B4202E19A8F0E1002ACE7E /* AppDelegate.swift in Sources */,
				45B4204919A8F0FE002ACE7E /* ArcView.swift in Sources */,
				45B4202C19A8F0E1002ACE7E /* ViewController.swift in Sources */,
				45B4202A19A8F0E1002ACE7E /* main.swift in Sources */,
			);
			runOnlyForDeploymentPostprocessing = 0;
		};
		45B4203419A8F0E1002ACE7E /* Sources */ = {
			isa = PBXSourcesBuildPhase;
			buildActionMask = 2147483647;
			files = (
				45B4203F19A8F0E2002ACE7E /* ArcTestTests.swift in Sources */,
			);
			runOnlyForDeploymentPostprocessing = 0;
		};
/* End PBXSourcesBuildPhase section */

/* Begin PBXTargetDependency section */
		4537991419AA67F3004DF99E /* PBXTargetDependency */ = {
			isa = PBXTargetDependency;
			name = SwiftGraphics_OSX;
			targetProxy = 4537991319AA67F3004DF99E /* PBXContainerItemProxy */;
		};
		45B4203A19A8F0E1002ACE7E /* PBXTargetDependency */ = {
			isa = PBXTargetDependency;
			target = 45B4202319A8F0E1002ACE7E /* ArcTest */;
			targetProxy = 45B4203919A8F0E1002ACE7E /* PBXContainerItemProxy */;
		};
/* End PBXTargetDependency section */

/* Begin PBXVariantGroup section */
		45B4203119A8F0E1002ACE7E /* Main.storyboard */ = {
			isa = PBXVariantGroup;
			children = (
				45B4203219A8F0E1002ACE7E /* Base */,
			);
			name = Main.storyboard;
			sourceTree = "<group>";
		};
/* End PBXVariantGroup section */

/* Begin XCBuildConfiguration section */
		45B4204019A8F0E2002ACE7E /* Debug */ = {
			isa = XCBuildConfiguration;
			buildSettings = {
				ALWAYS_SEARCH_USER_PATHS = NO;
				CLANG_CXX_LANGUAGE_STANDARD = "gnu++0x";
				CLANG_CXX_LIBRARY = "libc++";
				CLANG_ENABLE_MODULES = YES;
				CLANG_ENABLE_OBJC_ARC = YES;
				CLANG_WARN_BOOL_CONVERSION = YES;
				CLANG_WARN_CONSTANT_CONVERSION = YES;
				CLANG_WARN_DIRECT_OBJC_ISA_USAGE = YES_ERROR;
				CLANG_WARN_EMPTY_BODY = YES;
				CLANG_WARN_ENUM_CONVERSION = YES;
				CLANG_WARN_INT_CONVERSION = YES;
				CLANG_WARN_OBJC_ROOT_CLASS = YES_ERROR;
				CLANG_WARN_UNREACHABLE_CODE = YES;
				CLANG_WARN__DUPLICATE_METHOD_MATCH = YES;
				CODE_SIGN_IDENTITY = "-";
				COPY_PHASE_STRIP = NO;
				ENABLE_STRICT_OBJC_MSGSEND = YES;
				GCC_C_LANGUAGE_STANDARD = gnu99;
				GCC_DYNAMIC_NO_PIC = NO;
				GCC_OPTIMIZATION_LEVEL = 0;
				GCC_PREPROCESSOR_DEFINITIONS = (
					"DEBUG=1",
					"$(inherited)",
				);
				GCC_SYMBOLS_PRIVATE_EXTERN = NO;
				GCC_WARN_64_TO_32_BIT_CONVERSION = YES;
				GCC_WARN_ABOUT_RETURN_TYPE = YES_ERROR;
				GCC_WARN_UNDECLARED_SELECTOR = YES;
				GCC_WARN_UNINITIALIZED_AUTOS = YES_AGGRESSIVE;
				GCC_WARN_UNUSED_FUNCTION = YES;
				GCC_WARN_UNUSED_VARIABLE = YES;
				MACOSX_DEPLOYMENT_TARGET = 10.10;
				MTL_ENABLE_DEBUG_INFO = YES;
				ONLY_ACTIVE_ARCH = YES;
				SDKROOT = macosx;
				SWIFT_OPTIMIZATION_LEVEL = "-Onone";
			};
			name = Debug;
		};
		45B4204119A8F0E2002ACE7E /* Release */ = {
			isa = XCBuildConfiguration;
			buildSettings = {
				ALWAYS_SEARCH_USER_PATHS = NO;
				CLANG_CXX_LANGUAGE_STANDARD = "gnu++0x";
				CLANG_CXX_LIBRARY = "libc++";
				CLANG_ENABLE_MODULES = YES;
				CLANG_ENABLE_OBJC_ARC = YES;
				CLANG_WARN_BOOL_CONVERSION = YES;
				CLANG_WARN_CONSTANT_CONVERSION = YES;
				CLANG_WARN_DIRECT_OBJC_ISA_USAGE = YES_ERROR;
				CLANG_WARN_EMPTY_BODY = YES;
				CLANG_WARN_ENUM_CONVERSION = YES;
				CLANG_WARN_INT_CONVERSION = YES;
				CLANG_WARN_OBJC_ROOT_CLASS = YES_ERROR;
				CLANG_WARN_UNREACHABLE_CODE = YES;
				CLANG_WARN__DUPLICATE_METHOD_MATCH = YES;
				CODE_SIGN_IDENTITY = "-";
				COPY_PHASE_STRIP = YES;
				DEBUG_INFORMATION_FORMAT = "dwarf-with-dsym";
				ENABLE_NS_ASSERTIONS = NO;
				ENABLE_STRICT_OBJC_MSGSEND = YES;
				GCC_C_LANGUAGE_STANDARD = gnu99;
				GCC_WARN_64_TO_32_BIT_CONVERSION = YES;
				GCC_WARN_ABOUT_RETURN_TYPE = YES_ERROR;
				GCC_WARN_UNDECLARED_SELECTOR = YES;
				GCC_WARN_UNINITIALIZED_AUTOS = YES_AGGRESSIVE;
				GCC_WARN_UNUSED_FUNCTION = YES;
				GCC_WARN_UNUSED_VARIABLE = YES;
				MACOSX_DEPLOYMENT_TARGET = 10.10;
				MTL_ENABLE_DEBUG_INFO = NO;
				SDKROOT = macosx;
			};
			name = Release;
		};
		45B4204319A8F0E2002ACE7E /* Debug */ = {
			isa = XCBuildConfiguration;
			buildSettings = {
				ASSETCATALOG_COMPILER_APPICON_NAME = AppIcon;
				COMBINE_HIDPI_IMAGES = YES;
				INFOPLIST_FILE = ArcTest/Info.plist;
				LD_RUNPATH_SEARCH_PATHS = "$(inherited) @executable_path/../Frameworks";
				PRODUCT_NAME = "$(TARGET_NAME)";
			};
			name = Debug;
		};
		45B4204419A8F0E2002ACE7E /* Release */ = {
			isa = XCBuildConfiguration;
			buildSettings = {
				ASSETCATALOG_COMPILER_APPICON_NAME = AppIcon;
				COMBINE_HIDPI_IMAGES = YES;
				INFOPLIST_FILE = ArcTest/Info.plist;
				LD_RUNPATH_SEARCH_PATHS = "$(inherited) @executable_path/../Frameworks";
				PRODUCT_NAME = "$(TARGET_NAME)";
			};
			name = Release;
		};
		45B4204619A8F0E2002ACE7E /* Debug */ = {
			isa = XCBuildConfiguration;
			buildSettings = {
				BUNDLE_LOADER = "$(TEST_HOST)";
				COMBINE_HIDPI_IMAGES = YES;
				FRAMEWORK_SEARCH_PATHS = (
					"$(DEVELOPER_FRAMEWORKS_DIR)",
					"$(inherited)",
				);
				GCC_PREPROCESSOR_DEFINITIONS = (
					"DEBUG=1",
					"$(inherited)",
				);
				INFOPLIST_FILE = ArcTestTests/Info.plist;
				LD_RUNPATH_SEARCH_PATHS = "$(inherited) @executable_path/../Frameworks @loader_path/../Frameworks";
				PRODUCT_NAME = "$(TARGET_NAME)";
				TEST_HOST = "$(BUILT_PRODUCTS_DIR)/ArcTest.app/Contents/MacOS/ArcTest";
			};
			name = Debug;
		};
		45B4204719A8F0E2002ACE7E /* Release */ = {
			isa = XCBuildConfiguration;
			buildSettings = {
				BUNDLE_LOADER = "$(TEST_HOST)";
				COMBINE_HIDPI_IMAGES = YES;
				FRAMEWORK_SEARCH_PATHS = (
					"$(DEVELOPER_FRAMEWORKS_DIR)",
					"$(inherited)",
				);
				INFOPLIST_FILE = ArcTestTests/Info.plist;
				LD_RUNPATH_SEARCH_PATHS = "$(inherited) @executable_path/../Frameworks @loader_path/../Frameworks";
				PRODUCT_NAME = "$(TARGET_NAME)";
				TEST_HOST = "$(BUILT_PRODUCTS_DIR)/ArcTest.app/Contents/MacOS/ArcTest";
			};
			name = Release;
		};
/* End XCBuildConfiguration section */

/* Begin XCConfigurationList section */
		45B4201F19A8F0E1002ACE7E /* Build configuration list for PBXProject "ArcTest" */ = {
			isa = XCConfigurationList;
			buildConfigurations = (
				45B4204019A8F0E2002ACE7E /* Debug */,
				45B4204119A8F0E2002ACE7E /* Release */,
			);
			defaultConfigurationIsVisible = 0;
			defaultConfigurationName = Release;
		};
		45B4204219A8F0E2002ACE7E /* Build configuration list for PBXNativeTarget "ArcTest" */ = {
			isa = XCConfigurationList;
			buildConfigurations = (
				45B4204319A8F0E2002ACE7E /* Debug */,
				45B4204419A8F0E2002ACE7E /* Release */,
			);
			defaultConfigurationIsVisible = 0;
			defaultConfigurationName = Release;
		};
		45B4204519A8F0E2002ACE7E /* Build configuration list for PBXNativeTarget "ArcTestTests" */ = {
			isa = XCConfigurationList;
			buildConfigurations = (
				45B4204619A8F0E2002ACE7E /* Debug */,
				45B4204719A8F0E2002ACE7E /* Release */,
			);
			defaultConfigurationIsVisible = 0;
			defaultConfigurationName = Release;
		};
/* End XCConfigurationList section */
	};
	rootObject = 45B4201C19A8F0E1002ACE7E /* Project object */;
}
