// !$*UTF8*$!
{
	archiveVersion = 1;
	classes = {
	};
	objectVersion = 46;
	objects = {

/* Begin PBXBuildFile section */
		4550064B19AE48B0008CEB26 /* main.swift in Sources */ = {isa = PBXBuildFile; fileRef = 4550064A19AE48B0008CEB26 /* main.swift */; };
		4550064D19AE48B0008CEB26 /* ViewController.swift in Sources */ = {isa = PBXBuildFile; fileRef = 4550064C19AE48B0008CEB26 /* ViewController.swift */; };
		4550064F19AE48B0008CEB26 /* Document.swift in Sources */ = {isa = PBXBuildFile; fileRef = 4550064E19AE48B0008CEB26 /* Document.swift */; };
		4550065119AE48B0008CEB26 /* Images.xcassets in Resources */ = {isa = PBXBuildFile; fileRef = 4550065019AE48B0008CEB26 /* Images.xcassets */; };
		4550065419AE48B0008CEB26 /* Main.storyboard in Resources */ = {isa = PBXBuildFile; fileRef = 4550065219AE48B0008CEB26 /* Main.storyboard */; };
		4550066019AE48B0008CEB26 /* SwiftSVGTestTests.swift in Sources */ = {isa = PBXBuildFile; fileRef = 4550065F19AE48B0008CEB26 /* SwiftSVGTestTests.swift */; };
		4550067719AE48EC008CEB26 /* SwiftGraphics.framework in Frameworks */ = {isa = PBXBuildFile; fileRef = 4550067019AE48D8008CEB26 /* SwiftGraphics.framework */; };
		4550067B19AE4BA5008CEB26 /* BezierPathView.swift in Sources */ = {isa = PBXBuildFile; fileRef = 4550067A19AE4BA5008CEB26 /* BezierPathView.swift */; };
		456A7FD019AE5FA200EA3EB3 /* SVGParser.swift in Sources */ = {isa = PBXBuildFile; fileRef = 456A7FCF19AE5FA200EA3EB3 /* SVGParser.swift */; };
/* End PBXBuildFile section */

/* Begin PBXContainerItemProxy section */
		4550065A19AE48B0008CEB26 /* PBXContainerItemProxy */ = {
			isa = PBXContainerItemProxy;
			containerPortal = 4550063D19AE48B0008CEB26 /* Project object */;
			proxyType = 1;
			remoteGlobalIDString = 4550064419AE48B0008CEB26;
			remoteInfo = SwiftSVGTest;
		};
		4550066F19AE48D8008CEB26 /* PBXContainerItemProxy */ = {
			isa = PBXContainerItemProxy;
			containerPortal = 4550066919AE48D8008CEB26 /* SwiftGraphics.xcodeproj */;
			proxyType = 2;
			remoteGlobalIDString = 454D550719AA5CE6000E3EB3;
			remoteInfo = SwiftGraphics_OSX;
		};
		4550067119AE48D8008CEB26 /* PBXContainerItemProxy */ = {
			isa = PBXContainerItemProxy;
			containerPortal = 4550066919AE48D8008CEB26 /* SwiftGraphics.xcodeproj */;
			proxyType = 2;
			remoteGlobalIDString = 45DA4AC419AA62A800133F32;
			remoteInfo = SwiftGraphics_iOS;
		};
		4550067319AE48D8008CEB26 /* PBXContainerItemProxy */ = {
			isa = PBXContainerItemProxy;
			containerPortal = 4550066919AE48D8008CEB26 /* SwiftGraphics.xcodeproj */;
			proxyType = 2;
			remoteGlobalIDString = 454D551219AA5CE6000E3EB3;
			remoteInfo = SwiftGraphicsTests;
		};
		4550067519AE48E7008CEB26 /* PBXContainerItemProxy */ = {
			isa = PBXContainerItemProxy;
			containerPortal = 4550066919AE48D8008CEB26 /* SwiftGraphics.xcodeproj */;
			proxyType = 1;
			remoteGlobalIDString = 454D550619AA5CE6000E3EB3;
			remoteInfo = SwiftGraphics_OSX;
		};
/* End PBXContainerItemProxy section */

/* Begin PBXFileReference section */
		4550064519AE48B0008CEB26 /* SwiftSVGTest.app */ = {isa = PBXFileReference; explicitFileType = wrapper.application; includeInIndex = 0; path = SwiftSVGTest.app; sourceTree = BUILT_PRODUCTS_DIR; };
		4550064919AE48B0008CEB26 /* Info.plist */ = {isa = PBXFileReference; lastKnownFileType = text.plist.xml; path = Info.plist; sourceTree = "<group>"; };
		4550064A19AE48B0008CEB26 /* main.swift */ = {isa = PBXFileReference; lastKnownFileType = sourcecode.swift; path = main.swift; sourceTree = "<group>"; };
		4550064C19AE48B0008CEB26 /* ViewController.swift */ = {isa = PBXFileReference; lastKnownFileType = sourcecode.swift; path = ViewController.swift; sourceTree = "<group>"; };
		4550064E19AE48B0008CEB26 /* Document.swift */ = {isa = PBXFileReference; lastKnownFileType = sourcecode.swift; path = Document.swift; sourceTree = "<group>"; };
		4550065019AE48B0008CEB26 /* Images.xcassets */ = {isa = PBXFileReference; lastKnownFileType = folder.assetcatalog; path = Images.xcassets; sourceTree = "<group>"; };
		4550065319AE48B0008CEB26 /* Base */ = {isa = PBXFileReference; lastKnownFileType = file.storyboard; name = Base; path = Base.lproj/Main.storyboard; sourceTree = "<group>"; };
		4550065919AE48B0008CEB26 /* SwiftSVGTestTests.xctest */ = {isa = PBXFileReference; explicitFileType = wrapper.cfbundle; includeInIndex = 0; path = SwiftSVGTestTests.xctest; sourceTree = BUILT_PRODUCTS_DIR; };
		4550065E19AE48B0008CEB26 /* Info.plist */ = {isa = PBXFileReference; lastKnownFileType = text.plist.xml; path = Info.plist; sourceTree = "<group>"; };
		4550065F19AE48B0008CEB26 /* SwiftSVGTestTests.swift */ = {isa = PBXFileReference; lastKnownFileType = sourcecode.swift; path = SwiftSVGTestTests.swift; sourceTree = "<group>"; };
		4550066919AE48D8008CEB26 /* SwiftGraphics.xcodeproj */ = {isa = PBXFileReference; lastKnownFileType = "wrapper.pb-project"; name = SwiftGraphics.xcodeproj; path = ../../SwiftGraphics.xcodeproj; sourceTree = "<group>"; };
		4550067A19AE4BA5008CEB26 /* BezierPathView.swift */ = {isa = PBXFileReference; fileEncoding = 4; lastKnownFileType = sourcecode.swift; path = BezierPathView.swift; sourceTree = "<group>"; };
		456A7FCF19AE5FA200EA3EB3 /* SVGParser.swift */ = {isa = PBXFileReference; fileEncoding = 4; lastKnownFileType = sourcecode.swift; path = SVGParser.swift; sourceTree = "<group>"; };
/* End PBXFileReference section */

/* Begin PBXFrameworksBuildPhase section */
		4550064219AE48B0008CEB26 /* Frameworks */ = {
			isa = PBXFrameworksBuildPhase;
			buildActionMask = 2147483647;
			files = (
				4550067719AE48EC008CEB26 /* SwiftGraphics.framework in Frameworks */,
			);
			runOnlyForDeploymentPostprocessing = 0;
		};
		4550065619AE48B0008CEB26 /* Frameworks */ = {
			isa = PBXFrameworksBuildPhase;
			buildActionMask = 2147483647;
			files = (
			);
			runOnlyForDeploymentPostprocessing = 0;
		};
/* End PBXFrameworksBuildPhase section */

/* Begin PBXGroup section */
		4550063C19AE48B0008CEB26 = {
			isa = PBXGroup;
			children = (
				4550064719AE48B0008CEB26 /* SwiftSVGTest */,
				4550065C19AE48B0008CEB26 /* SwiftSVGTestTests */,
				4550066919AE48D8008CEB26 /* SwiftGraphics.xcodeproj */,
				4550064619AE48B0008CEB26 /* Products */,
			);
			sourceTree = "<group>";
		};
		4550064619AE48B0008CEB26 /* Products */ = {
			isa = PBXGroup;
			children = (
				4550064519AE48B0008CEB26 /* SwiftSVGTest.app */,
				4550065919AE48B0008CEB26 /* SwiftSVGTestTests.xctest */,
			);
			name = Products;
			sourceTree = "<group>";
		};
		4550064719AE48B0008CEB26 /* SwiftSVGTest */ = {
			isa = PBXGroup;
			children = (
				4550064C19AE48B0008CEB26 /* ViewController.swift */,
				4550064E19AE48B0008CEB26 /* Document.swift */,
				4550067A19AE4BA5008CEB26 /* BezierPathView.swift */,
				456A7FCF19AE5FA200EA3EB3 /* SVGParser.swift */,
				4550065019AE48B0008CEB26 /* Images.xcassets */,
				4550065219AE48B0008CEB26 /* Main.storyboard */,
				4550064819AE48B0008CEB26 /* Supporting Files */,
			);
			path = SwiftSVGTest;
			sourceTree = "<group>";
		};
		4550064819AE48B0008CEB26 /* Supporting Files */ = {
			isa = PBXGroup;
			children = (
				4550064919AE48B0008CEB26 /* Info.plist */,
				4550064A19AE48B0008CEB26 /* main.swift */,
			);
			name = "Supporting Files";
			sourceTree = "<group>";
		};
		4550065C19AE48B0008CEB26 /* SwiftSVGTestTests */ = {
			isa = PBXGroup;
			children = (
				4550065F19AE48B0008CEB26 /* SwiftSVGTestTests.swift */,
				4550065D19AE48B0008CEB26 /* Supporting Files */,
			);
			path = SwiftSVGTestTests;
			sourceTree = "<group>";
		};
		4550065D19AE48B0008CEB26 /* Supporting Files */ = {
			isa = PBXGroup;
			children = (
				4550065E19AE48B0008CEB26 /* Info.plist */,
			);
			name = "Supporting Files";
			sourceTree = "<group>";
		};
		4550066A19AE48D8008CEB26 /* Products */ = {
			isa = PBXGroup;
			children = (
				4550067019AE48D8008CEB26 /* SwiftGraphics.framework */,
				4550067219AE48D8008CEB26 /* SwiftGraphics.framework */,
				4550067419AE48D8008CEB26 /* SwiftGraphicsTests.xctest */,
			);
			name = Products;
			sourceTree = "<group>";
		};
/* End PBXGroup section */

/* Begin PBXNativeTarget section */
		4550064419AE48B0008CEB26 /* SwiftSVGTest */ = {
			isa = PBXNativeTarget;
			buildConfigurationList = 4550066319AE48B0008CEB26 /* Build configuration list for PBXNativeTarget "SwiftSVGTest" */;
			buildPhases = (
				4550064119AE48B0008CEB26 /* Sources */,
				4550064219AE48B0008CEB26 /* Frameworks */,
				4550064319AE48B0008CEB26 /* Resources */,
			);
			buildRules = (
			);
			dependencies = (
				4550067619AE48E7008CEB26 /* PBXTargetDependency */,
			);
			name = SwiftSVGTest;
			productName = SwiftSVGTest;
			productReference = 4550064519AE48B0008CEB26 /* SwiftSVGTest.app */;
			productType = "com.apple.product-type.application";
		};
		4550065819AE48B0008CEB26 /* SwiftSVGTestTests */ = {
			isa = PBXNativeTarget;
			buildConfigurationList = 4550066619AE48B0008CEB26 /* Build configuration list for PBXNativeTarget "SwiftSVGTestTests" */;
			buildPhases = (
				4550065519AE48B0008CEB26 /* Sources */,
				4550065619AE48B0008CEB26 /* Frameworks */,
				4550065719AE48B0008CEB26 /* Resources */,
			);
			buildRules = (
			);
			dependencies = (
				4550065B19AE48B0008CEB26 /* PBXTargetDependency */,
			);
			name = SwiftSVGTestTests;
			productName = SwiftSVGTestTests;
			productReference = 4550065919AE48B0008CEB26 /* SwiftSVGTestTests.xctest */;
			productType = "com.apple.product-type.bundle.unit-test";
		};
/* End PBXNativeTarget section */

/* Begin PBXProject section */
		4550063D19AE48B0008CEB26 /* Project object */ = {
			isa = PBXProject;
			attributes = {
				LastUpgradeCheck = 0600;
				ORGANIZATIONNAME = schwa.io;
				TargetAttributes = {
					4550064419AE48B0008CEB26 = {
						CreatedOnToolsVersion = 6.0;
					};
					4550065819AE48B0008CEB26 = {
						CreatedOnToolsVersion = 6.0;
						TestTargetID = 4550064419AE48B0008CEB26;
					};
				};
			};
			buildConfigurationList = 4550064019AE48B0008CEB26 /* Build configuration list for PBXProject "SwiftSVGTest" */;
			compatibilityVersion = "Xcode 3.2";
			developmentRegion = English;
			hasScannedForEncodings = 0;
			knownRegions = (
				en,
				Base,
			);
			mainGroup = 4550063C19AE48B0008CEB26;
			productRefGroup = 4550064619AE48B0008CEB26 /* Products */;
			projectDirPath = "";
			projectReferences = (
				{
					ProductGroup = 4550066A19AE48D8008CEB26 /* Products */;
					ProjectRef = 4550066919AE48D8008CEB26 /* SwiftGraphics.xcodeproj */;
				},
			);
			projectRoot = "";
			targets = (
				4550064419AE48B0008CEB26 /* SwiftSVGTest */,
				4550065819AE48B0008CEB26 /* SwiftSVGTestTests */,
			);
		};
/* End PBXProject section */

/* Begin PBXReferenceProxy section */
		4550067019AE48D8008CEB26 /* SwiftGraphics.framework */ = {
			isa = PBXReferenceProxy;
			fileType = wrapper.framework;
			path = SwiftGraphics.framework;
			remoteRef = 4550066F19AE48D8008CEB26 /* PBXContainerItemProxy */;
			sourceTree = BUILT_PRODUCTS_DIR;
		};
		4550067219AE48D8008CEB26 /* SwiftGraphics.framework */ = {
			isa = PBXReferenceProxy;
			fileType = wrapper.framework;
			path = SwiftGraphics.framework;
			remoteRef = 4550067119AE48D8008CEB26 /* PBXContainerItemProxy */;
			sourceTree = BUILT_PRODUCTS_DIR;
		};
		4550067419AE48D8008CEB26 /* SwiftGraphicsTests.xctest */ = {
			isa = PBXReferenceProxy;
			fileType = wrapper.cfbundle;
			path = SwiftGraphicsTests.xctest;
			remoteRef = 4550067319AE48D8008CEB26 /* PBXContainerItemProxy */;
			sourceTree = BUILT_PRODUCTS_DIR;
		};
/* End PBXReferenceProxy section */

/* Begin PBXResourcesBuildPhase section */
		4550064319AE48B0008CEB26 /* Resources */ = {
			isa = PBXResourcesBuildPhase;
			buildActionMask = 2147483647;
			files = (
				4550065119AE48B0008CEB26 /* Images.xcassets in Resources */,
				4550065419AE48B0008CEB26 /* Main.storyboard in Resources */,
			);
			runOnlyForDeploymentPostprocessing = 0;
		};
		4550065719AE48B0008CEB26 /* Resources */ = {
			isa = PBXResourcesBuildPhase;
			buildActionMask = 2147483647;
			files = (
			);
			runOnlyForDeploymentPostprocessing = 0;
		};
/* End PBXResourcesBuildPhase section */

/* Begin PBXSourcesBuildPhase section */
		4550064119AE48B0008CEB26 /* Sources */ = {
			isa = PBXSourcesBuildPhase;
			buildActionMask = 2147483647;
			files = (
				456A7FD019AE5FA200EA3EB3 /* SVGParser.swift in Sources */,
				4550067B19AE4BA5008CEB26 /* BezierPathView.swift in Sources */,
				4550064D19AE48B0008CEB26 /* ViewController.swift in Sources */,
				4550064B19AE48B0008CEB26 /* main.swift in Sources */,
				4550064F19AE48B0008CEB26 /* Document.swift in Sources */,
			);
			runOnlyForDeploymentPostprocessing = 0;
		};
		4550065519AE48B0008CEB26 /* Sources */ = {
			isa = PBXSourcesBuildPhase;
			buildActionMask = 2147483647;
			files = (
				4550066019AE48B0008CEB26 /* SwiftSVGTestTests.swift in Sources */,
			);
			runOnlyForDeploymentPostprocessing = 0;
		};
/* End PBXSourcesBuildPhase section */

/* Begin PBXTargetDependency section */
		4550065B19AE48B0008CEB26 /* PBXTargetDependency */ = {
			isa = PBXTargetDependency;
			target = 4550064419AE48B0008CEB26 /* SwiftSVGTest */;
			targetProxy = 4550065A19AE48B0008CEB26 /* PBXContainerItemProxy */;
		};
		4550067619AE48E7008CEB26 /* PBXTargetDependency */ = {
			isa = PBXTargetDependency;
			name = SwiftGraphics_OSX;
			targetProxy = 4550067519AE48E7008CEB26 /* PBXContainerItemProxy */;
		};
/* End PBXTargetDependency section */

/* Begin PBXVariantGroup section */
		4550065219AE48B0008CEB26 /* Main.storyboard */ = {
			isa = PBXVariantGroup;
			children = (
				4550065319AE48B0008CEB26 /* Base */,
			);
			name = Main.storyboard;
			sourceTree = "<group>";
		};
/* End PBXVariantGroup section */

/* Begin XCBuildConfiguration section */
		4550066119AE48B0008CEB26 /* Debug */ = {
			isa = XCBuildConfiguration;
			buildSettings = {
				ALWAYS_SEARCH_USER_PATHS = NO;
				CLANG_CXX_LANGUAGE_STANDARD = "gnu++0x";
				CLANG_CXX_LIBRARY = "libc++";
				CLANG_ENABLE_MODULES = YES;
				CLANG_ENABLE_OBJC_ARC = YES;
				CLANG_WARN_BOOL_CONVERSION = YES;
				CLANG_WARN_CONSTANT_CONVERSION = YES;
				CLANG_WARN_DIRECT_OBJC_ISA_USAGE = YES_ERROR;
				CLANG_WARN_EMPTY_BODY = YES;
				CLANG_WARN_ENUM_CONVERSION = YES;
				CLANG_WARN_INT_CONVERSION = YES;
				CLANG_WARN_OBJC_ROOT_CLASS = YES_ERROR;
				CLANG_WARN_UNREACHABLE_CODE = YES;
				CLANG_WARN__DUPLICATE_METHOD_MATCH = YES;
				CODE_SIGN_IDENTITY = "-";
				COPY_PHASE_STRIP = NO;
				ENABLE_STRICT_OBJC_MSGSEND = YES;
				GCC_C_LANGUAGE_STANDARD = gnu99;
				GCC_DYNAMIC_NO_PIC = NO;
				GCC_OPTIMIZATION_LEVEL = 0;
				GCC_PREPROCESSOR_DEFINITIONS = (
					"DEBUG=1",
					"$(inherited)",
				);
				GCC_SYMBOLS_PRIVATE_EXTERN = NO;
				GCC_WARN_64_TO_32_BIT_CONVERSION = YES;
				GCC_WARN_ABOUT_RETURN_TYPE = YES_ERROR;
				GCC_WARN_UNDECLARED_SELECTOR = YES;
				GCC_WARN_UNINITIALIZED_AUTOS = YES_AGGRESSIVE;
				GCC_WARN_UNUSED_FUNCTION = YES;
				GCC_WARN_UNUSED_VARIABLE = YES;
				MACOSX_DEPLOYMENT_TARGET = 10.10;
				MTL_ENABLE_DEBUG_INFO = YES;
				ONLY_ACTIVE_ARCH = YES;
				SDKROOT = macosx;
				SWIFT_OPTIMIZATION_LEVEL = "-Onone";
			};
			name = Debug;
		};
		4550066219AE48B0008CEB26 /* Release */ = {
			isa = XCBuildConfiguration;
			buildSettings = {
				ALWAYS_SEARCH_USER_PATHS = NO;
				CLANG_CXX_LANGUAGE_STANDARD = "gnu++0x";
				CLANG_CXX_LIBRARY = "libc++";
				CLANG_ENABLE_MODULES = YES;
				CLANG_ENABLE_OBJC_ARC = YES;
				CLANG_WARN_BOOL_CONVERSION = YES;
				CLANG_WARN_CONSTANT_CONVERSION = YES;
				CLANG_WARN_DIRECT_OBJC_ISA_USAGE = YES_ERROR;
				CLANG_WARN_EMPTY_BODY = YES;
				CLANG_WARN_ENUM_CONVERSION = YES;
				CLANG_WARN_INT_CONVERSION = YES;
				CLANG_WARN_OBJC_ROOT_CLASS = YES_ERROR;
				CLANG_WARN_UNREACHABLE_CODE = YES;
				CLANG_WARN__DUPLICATE_METHOD_MATCH = YES;
				CODE_SIGN_IDENTITY = "-";
				COPY_PHASE_STRIP = YES;
				DEBUG_INFORMATION_FORMAT = "dwarf-with-dsym";
				ENABLE_NS_ASSERTIONS = NO;
				ENABLE_STRICT_OBJC_MSGSEND = YES;
				GCC_C_LANGUAGE_STANDARD = gnu99;
				GCC_WARN_64_TO_32_BIT_CONVERSION = YES;
				GCC_WARN_ABOUT_RETURN_TYPE = YES_ERROR;
				GCC_WARN_UNDECLARED_SELECTOR = YES;
				GCC_WARN_UNINITIALIZED_AUTOS = YES_AGGRESSIVE;
				GCC_WARN_UNUSED_FUNCTION = YES;
				GCC_WARN_UNUSED_VARIABLE = YES;
				MACOSX_DEPLOYMENT_TARGET = 10.10;
				MTL_ENABLE_DEBUG_INFO = NO;
				SDKROOT = macosx;
			};
			name = Release;
		};
		4550066419AE48B0008CEB26 /* Debug */ = {
			isa = XCBuildConfiguration;
			buildSettings = {
				ASSETCATALOG_COMPILER_APPICON_NAME = AppIcon;
				COMBINE_HIDPI_IMAGES = YES;
				INFOPLIST_FILE = SwiftSVGTest/Info.plist;
				LD_RUNPATH_SEARCH_PATHS = "$(inherited) @executable_path/../Frameworks";
				PRODUCT_NAME = "$(TARGET_NAME)";
			};
			name = Debug;
		};
		4550066519AE48B0008CEB26 /* Release */ = {
			isa = XCBuildConfiguration;
			buildSettings = {
				ASSETCATALOG_COMPILER_APPICON_NAME = AppIcon;
				COMBINE_HIDPI_IMAGES = YES;
				INFOPLIST_FILE = SwiftSVGTest/Info.plist;
				LD_RUNPATH_SEARCH_PATHS = "$(inherited) @executable_path/../Frameworks";
				PRODUCT_NAME = "$(TARGET_NAME)";
			};
			name = Release;
		};
		4550066719AE48B0008CEB26 /* Debug */ = {
			isa = XCBuildConfiguration;
			buildSettings = {
				BUNDLE_LOADER = "$(TEST_HOST)";
				COMBINE_HIDPI_IMAGES = YES;
				FRAMEWORK_SEARCH_PATHS = (
					"$(DEVELOPER_FRAMEWORKS_DIR)",
					"$(inherited)",
				);
				GCC_PREPROCESSOR_DEFINITIONS = (
					"DEBUG=1",
					"$(inherited)",
				);
				INFOPLIST_FILE = SwiftSVGTestTests/Info.plist;
				LD_RUNPATH_SEARCH_PATHS = "$(inherited) @executable_path/../Frameworks @loader_path/../Frameworks";
				PRODUCT_NAME = "$(TARGET_NAME)";
				TEST_HOST = "$(BUILT_PRODUCTS_DIR)/SwiftSVGTest.app/Contents/MacOS/SwiftSVGTest";
			};
			name = Debug;
		};
		4550066819AE48B0008CEB26 /* Release */ = {
			isa = XCBuildConfiguration;
			buildSettings = {
				BUNDLE_LOADER = "$(TEST_HOST)";
				COMBINE_HIDPI_IMAGES = YES;
				FRAMEWORK_SEARCH_PATHS = (
					"$(DEVELOPER_FRAMEWORKS_DIR)",
					"$(inherited)",
				);
				INFOPLIST_FILE = SwiftSVGTestTests/Info.plist;
				LD_RUNPATH_SEARCH_PATHS = "$(inherited) @executable_path/../Frameworks @loader_path/../Frameworks";
				PRODUCT_NAME = "$(TARGET_NAME)";
				TEST_HOST = "$(BUILT_PRODUCTS_DIR)/SwiftSVGTest.app/Contents/MacOS/SwiftSVGTest";
			};
			name = Release;
		};
/* End XCBuildConfiguration section */

/* Begin XCConfigurationList section */
		4550064019AE48B0008CEB26 /* Build configuration list for PBXProject "SwiftSVGTest" */ = {
			isa = XCConfigurationList;
			buildConfigurations = (
				4550066119AE48B0008CEB26 /* Debug */,
				4550066219AE48B0008CEB26 /* Release */,
			);
			defaultConfigurationIsVisible = 0;
			defaultConfigurationName = Release;
		};
		4550066319AE48B0008CEB26 /* Build configuration list for PBXNativeTarget "SwiftSVGTest" */ = {
			isa = XCConfigurationList;
			buildConfigurations = (
				4550066419AE48B0008CEB26 /* Debug */,
				4550066519AE48B0008CEB26 /* Release */,
			);
			defaultConfigurationIsVisible = 0;
			defaultConfigurationName = Release;
		};
		4550066619AE48B0008CEB26 /* Build configuration list for PBXNativeTarget "SwiftSVGTestTests" */ = {
			isa = XCConfigurationList;
			buildConfigurations = (
				4550066719AE48B0008CEB26 /* Debug */,
				4550066819AE48B0008CEB26 /* Release */,
			);
			defaultConfigurationIsVisible = 0;
			defaultConfigurationName = Release;
		};
/* End XCConfigurationList section */
	};
	rootObject = 4550063D19AE48B0008CEB26 /* Project object */;
}
